
Microsoft Visual Studio Solution File, Format Version 12.00
# Visual Studio Version 16
VisualStudioVersion = 16.0.29926.136
MinimumVisualStudioVersion = 10.0.40219.1
Project("{FAE04EC0-301F-11D3-BF4B-00C04F79EFBC}") = "The-Possible-Game", "The-Possible-Game.csproj", "{75343CB1-5E5A-45D2-8CA7-00DB0DE33113}"
EndProject
Global
	GlobalSection(SolutionConfigurationPlatforms) = preSolution
		Debug|Any CPU = Debug|Any CPU
		Release|Any CPU = Release|Any CPU
	EndGlobalSection
	GlobalSection(ProjectConfigurationPlatforms) = postSolution
		{75343CB1-5E5A-45D2-8CA7-00DB0DE33113}.Debug|Any CPU.ActiveCfg = Debug|Any CPU
		{75343CB1-5E5A-45D2-8CA7-00DB0DE33113}.Debug|Any CPU.Build.0 = Debug|Any CPU
		{75343CB1-5E5A-45D2-8CA7-00DB0DE33113}.Release|Any CPU.ActiveCfg = Release|Any CPU
		{75343CB1-5E5A-45D2-8CA7-00DB0DE33113}.Release|Any CPU.Build.0 = Release|Any CPU
	EndGlobalSection
	GlobalSection(SolutionProperties) = preSolution
		HideSolutionNode = FALSE
	EndGlobalSection
	GlobalSection(ExtensibilityGlobals) = postSolution
		SolutionGuid = {40EC0003-E6D2-4D25-B907-EE4710DAC26E}
	EndGlobalSection
EndGlobal
